
Microsoft Visual Studio Solution File, Format Version 12.00
# Visual Studio Version 16
VisualStudioVersion = 16.0.31019.35
MinimumVisualStudioVersion = 10.0.40219.1
Project("{9A19103F-16F7-4668-BE54-9A1E7A4F7556}") = "ConsoleApp5", "ConsoleApp5\ConsoleApp5.csproj", "{6393E732-8260-440E-B9A4-21CDC431B8BC}"
EndProject
Project("{FAE04EC0-301F-11D3-BF4B-00C04F79EFBC}") = "ClassLibrary1", "ClassLibrary1\ClassLibrary1.csproj", "{AAAF54D1-E5B4-48D2-BC81-6726ED7955B1}"
EndProject
Project("{FAE04EC0-301F-11D3-BF4B-00C04F79EFBC}") = "ClassLibrary2", "ClassLibrary2\ClassLibrary2.csproj", "{555DF915-AC97-44B7-A86B-5435B3D0E582}"
EndProject
Global
	GlobalSection(SolutionConfigurationPlatforms) = preSolution
		Debug|Any CPU = Debug|Any CPU
		Release|Any CPU = Release|Any CPU
	EndGlobalSection
	GlobalSection(ProjectConfigurationPlatforms) = postSolution
		{6393E732-8260-440E-B9A4-21CDC431B8BC}.Debug|Any CPU.ActiveCfg = Debug|Any CPU
		{6393E732-8260-440E-B9A4-21CDC431B8BC}.Debug|Any CPU.Build.0 = Debug|Any CPU
		{6393E732-8260-440E-B9A4-21CDC431B8BC}.Release|Any CPU.ActiveCfg = Release|Any CPU
		{6393E732-8260-440E-B9A4-21CDC431B8BC}.Release|Any CPU.Build.0 = Release|Any CPU
		{AAAF54D1-E5B4-48D2-BC81-6726ED7955B1}.Debug|Any CPU.ActiveCfg = Debug|Any CPU
		{AAAF54D1-E5B4-48D2-BC81-6726ED7955B1}.Debug|Any CPU.Build.0 = Debug|Any CPU
		{AAAF54D1-E5B4-48D2-BC81-6726ED7955B1}.Release|Any CPU.ActiveCfg = Release|Any CPU
		{AAAF54D1-E5B4-48D2-BC81-6726ED7955B1}.Release|Any CPU.Build.0 = Release|Any CPU
		{555DF915-AC97-44B7-A86B-5435B3D0E582}.Debug|Any CPU.ActiveCfg = Debug|Any CPU
		{555DF915-AC97-44B7-A86B-5435B3D0E582}.Debug|Any CPU.Build.0 = Debug|Any CPU
		{555DF915-AC97-44B7-A86B-5435B3D0E582}.Release|Any CPU.ActiveCfg = Release|Any CPU
		{555DF915-AC97-44B7-A86B-5435B3D0E582}.Release|Any CPU.Build.0 = Release|Any CPU
	EndGlobalSection
	GlobalSection(SolutionProperties) = preSolution
		HideSolutionNode = FALSE
	EndGlobalSection
	GlobalSection(ExtensibilityGlobals) = postSolution
		SolutionGuid = {D2B28664-2468-4790-8A99-37D6BF0CEAB9}
	EndGlobalSection
EndGlobal
